
Microsoft Visual Studio Solution File, Format Version 12.00
# Visual Studio Version 17
VisualStudioVersion = 17.2.32630.192
MinimumVisualStudioVersion = 10.0.40219.1
Project("{9A19103F-16F7-4668-BE54-9A1E7A4F7556}") = "MISA.WEB07.TNANH.MultiLayer.BL", "MISA.WEB07.TNANH.MultiLayer.BL\MISA.WEB07.TNANH.MultiLayer.BL.csproj", "{7E5ECAAD-B01F-4DB7-9624-0868A7DB85E7}"
EndProject
Project("{9A19103F-16F7-4668-BE54-9A1E7A4F7556}") = "MISA.WEB07.TNANH.MultiLayer.DL", "MISA.WEB07.TNANH.MultiLayer.DL\MISA.WEB07.TNANH.MultiLayer.DL.csproj", "{9D9DFDE7-DA05-41C9-81CC-410ABF81BAAE}"
EndProject
Project("{9A19103F-16F7-4668-BE54-9A1E7A4F7556}") = "MISA.WEB07.TNANH.MultiLayer.Common", "MISA.WEB07.TNANH.MultiLayer.Common\MISA.WEB07.TNANH.MultiLayer.Common.csproj", "{74EEB90E-4105-42B2-8733-029E8707CEAD}"
EndProject
Project("{9A19103F-16F7-4668-BE54-9A1E7A4F7556}") = "MISA.WEB07.TNANH.MultiLayer.NTier", "MISA.WEB07.TNANH.MultiLayer.API\MISA.WEB07.TNANH.MultiLayer.NTier.csproj", "{47D7A632-A114-4FC8-BF1C-2236655A459C}"
EndProject
Global
	GlobalSection(SolutionConfigurationPlatforms) = preSolution
		Debug|Any CPU = Debug|Any CPU
		Release|Any CPU = Release|Any CPU
	EndGlobalSection
	GlobalSection(ProjectConfigurationPlatforms) = postSolution
		{7E5ECAAD-B01F-4DB7-9624-0868A7DB85E7}.Debug|Any CPU.ActiveCfg = Debug|Any CPU
		{7E5ECAAD-B01F-4DB7-9624-0868A7DB85E7}.Debug|Any CPU.Build.0 = Debug|Any CPU
		{7E5ECAAD-B01F-4DB7-9624-0868A7DB85E7}.Release|Any CPU.ActiveCfg = Release|Any CPU
		{7E5ECAAD-B01F-4DB7-9624-0868A7DB85E7}.Release|Any CPU.Build.0 = Release|Any CPU
		{9D9DFDE7-DA05-41C9-81CC-410ABF81BAAE}.Debug|Any CPU.ActiveCfg = Debug|Any CPU
		{9D9DFDE7-DA05-41C9-81CC-410ABF81BAAE}.Debug|Any CPU.Build.0 = Debug|Any CPU
		{9D9DFDE7-DA05-41C9-81CC-410ABF81BAAE}.Release|Any CPU.ActiveCfg = Release|Any CPU
		{9D9DFDE7-DA05-41C9-81CC-410ABF81BAAE}.Release|Any CPU.Build.0 = Release|Any CPU
		{74EEB90E-4105-42B2-8733-029E8707CEAD}.Debug|Any CPU.ActiveCfg = Debug|Any CPU
		{74EEB90E-4105-42B2-8733-029E8707CEAD}.Debug|Any CPU.Build.0 = Debug|Any CPU
		{74EEB90E-4105-42B2-8733-029E8707CEAD}.Release|Any CPU.ActiveCfg = Release|Any CPU
		{74EEB90E-4105-42B2-8733-029E8707CEAD}.Release|Any CPU.Build.0 = Release|Any CPU
		{47D7A632-A114-4FC8-BF1C-2236655A459C}.Debug|Any CPU.ActiveCfg = Debug|Any CPU
		{47D7A632-A114-4FC8-BF1C-2236655A459C}.Debug|Any CPU.Build.0 = Debug|Any CPU
		{47D7A632-A114-4FC8-BF1C-2236655A459C}.Release|Any CPU.ActiveCfg = Release|Any CPU
		{47D7A632-A114-4FC8-BF1C-2236655A459C}.Release|Any CPU.Build.0 = Release|Any CPU
	EndGlobalSection
	GlobalSection(SolutionProperties) = preSolution
		HideSolutionNode = FALSE
	EndGlobalSection
	GlobalSection(ExtensibilityGlobals) = postSolution
		SolutionGuid = {0EB7C2FF-DAD5-4813-8604-B1DB592D37C1}
	EndGlobalSection
EndGlobal
